
Microsoft Visual Studio Solution File, Format Version 12.00
# Visual Studio Version 17
VisualStudioVersion = 17.10.35013.160
MinimumVisualStudioVersion = 10.0.40219.1
Project("{FAE04EC0-301F-11D3-BF4B-00C04F79EFBC}") = "SIGETWeb", "SIGETWeb\SIGETWeb.csproj", "{5DFCEB45-6EAC-4AF3-8712-1CF877A2F476}"
EndProject
Project("{FAE04EC0-301F-11D3-BF4B-00C04F79EFBC}") = "SIGET.Models", "SIGET.Models\SIGET.Models.csproj", "{FCC5AB98-281A-445E-A898-27211A1EE3FB}"
EndProject
Project("{FAE04EC0-301F-11D3-BF4B-00C04F79EFBC}") = "SIGET.DataAccess", "SIGET.DataAccess\SIGET.DataAccess.csproj", "{190C8C2F-BDD1-439B-95AB-8F9383F7F776}"
EndProject
Global
	GlobalSection(SolutionConfigurationPlatforms) = preSolution
		Debug|Any CPU = Debug|Any CPU
		Release|Any CPU = Release|Any CPU
	EndGlobalSection
	GlobalSection(ProjectConfigurationPlatforms) = postSolution
		{5DFCEB45-6EAC-4AF3-8712-1CF877A2F476}.Debug|Any CPU.ActiveCfg = Debug|Any CPU
		{5DFCEB45-6EAC-4AF3-8712-1CF877A2F476}.Debug|Any CPU.Build.0 = Debug|Any CPU
		{5DFCEB45-6EAC-4AF3-8712-1CF877A2F476}.Release|Any CPU.ActiveCfg = Release|Any CPU
		{5DFCEB45-6EAC-4AF3-8712-1CF877A2F476}.Release|Any CPU.Build.0 = Release|Any CPU
		{FCC5AB98-281A-445E-A898-27211A1EE3FB}.Debug|Any CPU.ActiveCfg = Debug|Any CPU
		{FCC5AB98-281A-445E-A898-27211A1EE3FB}.Debug|Any CPU.Build.0 = Debug|Any CPU
		{FCC5AB98-281A-445E-A898-27211A1EE3FB}.Release|Any CPU.ActiveCfg = Release|Any CPU
		{FCC5AB98-281A-445E-A898-27211A1EE3FB}.Release|Any CPU.Build.0 = Release|Any CPU
		{190C8C2F-BDD1-439B-95AB-8F9383F7F776}.Debug|Any CPU.ActiveCfg = Debug|Any CPU
		{190C8C2F-BDD1-439B-95AB-8F9383F7F776}.Debug|Any CPU.Build.0 = Debug|Any CPU
		{190C8C2F-BDD1-439B-95AB-8F9383F7F776}.Release|Any CPU.ActiveCfg = Release|Any CPU
		{190C8C2F-BDD1-439B-95AB-8F9383F7F776}.Release|Any CPU.Build.0 = Release|Any CPU
	EndGlobalSection
	GlobalSection(SolutionProperties) = preSolution
		HideSolutionNode = FALSE
	EndGlobalSection
	GlobalSection(ExtensibilityGlobals) = postSolution
		SolutionGuid = {46EDC322-7692-4280-8C3F-14D1F108F44E}
	EndGlobalSection
EndGlobal
